
Microsoft Visual Studio Solution File, Format Version 12.00
# Visual Studio Version 17
VisualStudioVersion = 17.5.002.0
MinimumVisualStudioVersion = 10.0.40219.1
Project("{9A19103F-16F7-4668-BE54-9A1E7A4F7556}") = "ProductLib", "ProductLib\ProductLib.csproj", "{7EC701E7-7FBD-4202-A133-D235FF01EF1B}"
EndProject
Project("{9A19103F-16F7-4668-BE54-9A1E7A4F7556}") = "ProductAPI", "ProductAPI\ProductAPI.csproj", "{DC08CFF7-82A1-476B-8D45-82CD4D60C5F0}"
EndProject
Global
	GlobalSection(SolutionConfigurationPlatforms) = preSolution
		Debug|Any CPU = Debug|Any CPU
		Release|Any CPU = Release|Any CPU
	EndGlobalSection
	GlobalSection(ProjectConfigurationPlatforms) = postSolution
		{7EC701E7-7FBD-4202-A133-D235FF01EF1B}.Debug|Any CPU.ActiveCfg = Debug|Any CPU
		{7EC701E7-7FBD-4202-A133-D235FF01EF1B}.Debug|Any CPU.Build.0 = Debug|Any CPU
		{7EC701E7-7FBD-4202-A133-D235FF01EF1B}.Release|Any CPU.ActiveCfg = Release|Any CPU
		{7EC701E7-7FBD-4202-A133-D235FF01EF1B}.Release|Any CPU.Build.0 = Release|Any CPU
		{DC08CFF7-82A1-476B-8D45-82CD4D60C5F0}.Debug|Any CPU.ActiveCfg = Debug|Any CPU
		{DC08CFF7-82A1-476B-8D45-82CD4D60C5F0}.Debug|Any CPU.Build.0 = Debug|Any CPU
		{DC08CFF7-82A1-476B-8D45-82CD4D60C5F0}.Release|Any CPU.ActiveCfg = Release|Any CPU
		{DC08CFF7-82A1-476B-8D45-82CD4D60C5F0}.Release|Any CPU.Build.0 = Release|Any CPU
	EndGlobalSection
	GlobalSection(SolutionProperties) = preSolution
		HideSolutionNode = FALSE
	EndGlobalSection
	GlobalSection(ExtensibilityGlobals) = postSolution
		SolutionGuid = {0CA0AB4A-B3A8-4483-B547-7472D7BB32DC}
	EndGlobalSection
EndGlobal
